
Microsoft Visual Studio Solution File, Format Version 12.00
# Visual Studio Version 17
VisualStudioVersion = 17.4.33110.190
MinimumVisualStudioVersion = 10.0.40219.1
Project("{FAE04EC0-301F-11D3-BF4B-00C04F79EFBC}") = "full_curd_operation", "full_curd_operation\full_curd_operation.csproj", "{8FA15C7D-759D-45F3-B19D-5180BCD5EF0B}"
EndProject
Global
	GlobalSection(SolutionConfigurationPlatforms) = preSolution
		Debug|Any CPU = Debug|Any CPU
		Release|Any CPU = Release|Any CPU
	EndGlobalSection
	GlobalSection(ProjectConfigurationPlatforms) = postSolution
		{8FA15C7D-759D-45F3-B19D-5180BCD5EF0B}.Debug|Any CPU.ActiveCfg = Debug|Any CPU
		{8FA15C7D-759D-45F3-B19D-5180BCD5EF0B}.Debug|Any CPU.Build.0 = Debug|Any CPU
		{8FA15C7D-759D-45F3-B19D-5180BCD5EF0B}.Release|Any CPU.ActiveCfg = Release|Any CPU
		{8FA15C7D-759D-45F3-B19D-5180BCD5EF0B}.Release|Any CPU.Build.0 = Release|Any CPU
	EndGlobalSection
	GlobalSection(SolutionProperties) = preSolution
		HideSolutionNode = FALSE
	EndGlobalSection
	GlobalSection(ExtensibilityGlobals) = postSolution
		SolutionGuid = {4C523468-25F2-435A-829C-B76254348FBA}
	EndGlobalSection
EndGlobal
